
Microsoft Visual Studio Solution File, Format Version 12.00
# Visual Studio 15
VisualStudioVersion = 15.0.27428.2015
MinimumVisualStudioVersion = 10.0.40219.1
Project("{FAE04EC0-301F-11D3-BF4B-00C04F79EFBC}") = "MainProg", "MainProg\MainProg.csproj", "{D7B52402-3A9E-40AF-A7CA-860A0085FAAF}"
EndProject
Project("{FAE04EC0-301F-11D3-BF4B-00C04F79EFBC}") = "BusinessLogic", "BusinessLogic\BusinessLogic.csproj", "{77A76B4F-39E4-4033-8A49-F134E4BA67AE}"
EndProject
Project("{FAE04EC0-301F-11D3-BF4B-00C04F79EFBC}") = "Presentation", "Presentation\Presentation.csproj", "{9AC46890-2B44-42D4-B6F1-EABB6586F488}"
EndProject
Project("{FAE04EC0-301F-11D3-BF4B-00C04F79EFBC}") = "Persistence", "Persistence\Persistence.csproj", "{752EE4B0-E98E-4212-9F8F-BD8254B2749C}"
EndProject
Project("{FAE04EC0-301F-11D3-BF4B-00C04F79EFBC}") = "MileStoneClient.CommunicationLayer", "MileStoneClient.CommunicationLayer\MileStoneClient.CommunicationLayer.csproj", "{E4E0F4AE-BD60-4876-AC8A-F3773C93ED6E}"
EndProject
Global
	GlobalSection(SolutionConfigurationPlatforms) = preSolution
		Debug|Any CPU = Debug|Any CPU
		Release|Any CPU = Release|Any CPU
	EndGlobalSection
	GlobalSection(ProjectConfigurationPlatforms) = postSolution
		{D7B52402-3A9E-40AF-A7CA-860A0085FAAF}.Debug|Any CPU.ActiveCfg = Debug|Any CPU
		{D7B52402-3A9E-40AF-A7CA-860A0085FAAF}.Debug|Any CPU.Build.0 = Debug|Any CPU
		{D7B52402-3A9E-40AF-A7CA-860A0085FAAF}.Release|Any CPU.ActiveCfg = Release|Any CPU
		{D7B52402-3A9E-40AF-A7CA-860A0085FAAF}.Release|Any CPU.Build.0 = Release|Any CPU
		{77A76B4F-39E4-4033-8A49-F134E4BA67AE}.Debug|Any CPU.ActiveCfg = Debug|Any CPU
		{77A76B4F-39E4-4033-8A49-F134E4BA67AE}.Debug|Any CPU.Build.0 = Debug|Any CPU
		{77A76B4F-39E4-4033-8A49-F134E4BA67AE}.Release|Any CPU.ActiveCfg = Release|Any CPU
		{77A76B4F-39E4-4033-8A49-F134E4BA67AE}.Release|Any CPU.Build.0 = Release|Any CPU
		{9AC46890-2B44-42D4-B6F1-EABB6586F488}.Debug|Any CPU.ActiveCfg = Debug|Any CPU
		{9AC46890-2B44-42D4-B6F1-EABB6586F488}.Debug|Any CPU.Build.0 = Debug|Any CPU
		{9AC46890-2B44-42D4-B6F1-EABB6586F488}.Release|Any CPU.ActiveCfg = Release|Any CPU
		{9AC46890-2B44-42D4-B6F1-EABB6586F488}.Release|Any CPU.Build.0 = Release|Any CPU
		{752EE4B0-E98E-4212-9F8F-BD8254B2749C}.Debug|Any CPU.ActiveCfg = Debug|Any CPU
		{752EE4B0-E98E-4212-9F8F-BD8254B2749C}.Debug|Any CPU.Build.0 = Debug|Any CPU
		{752EE4B0-E98E-4212-9F8F-BD8254B2749C}.Release|Any CPU.ActiveCfg = Release|Any CPU
		{752EE4B0-E98E-4212-9F8F-BD8254B2749C}.Release|Any CPU.Build.0 = Release|Any CPU
		{E4E0F4AE-BD60-4876-AC8A-F3773C93ED6E}.Debug|Any CPU.ActiveCfg = Debug|Any CPU
		{E4E0F4AE-BD60-4876-AC8A-F3773C93ED6E}.Debug|Any CPU.Build.0 = Debug|Any CPU
		{E4E0F4AE-BD60-4876-AC8A-F3773C93ED6E}.Release|Any CPU.ActiveCfg = Release|Any CPU
		{E4E0F4AE-BD60-4876-AC8A-F3773C93ED6E}.Release|Any CPU.Build.0 = Release|Any CPU
	EndGlobalSection
	GlobalSection(SolutionProperties) = preSolution
		HideSolutionNode = FALSE
	EndGlobalSection
	GlobalSection(ExtensibilityGlobals) = postSolution
		SolutionGuid = {EF30034C-6BEC-41DF-AD9A-C2B9D4C47474}
	EndGlobalSection
EndGlobal
